
Microsoft Visual Studio Solution File, Format Version 12.00
# Visual Studio Version 16
VisualStudioVersion = 16.0.31129.286
MinimumVisualStudioVersion = 10.0.40219.1
Project("{9A19103F-16F7-4668-BE54-9A1E7A4F7556}") = "BakuCard", "NiyaziCard\BakuCard.csproj", "{77AB1767-EF41-480C-B315-C9B4D577A04F}"
EndProject
Global
	GlobalSection(SolutionConfigurationPlatforms) = preSolution
		Debug|Any CPU = Debug|Any CPU
		Release|Any CPU = Release|Any CPU
	EndGlobalSection
	GlobalSection(ProjectConfigurationPlatforms) = postSolution
		{77AB1767-EF41-480C-B315-C9B4D577A04F}.Debug|Any CPU.ActiveCfg = Debug|Any CPU
		{77AB1767-EF41-480C-B315-C9B4D577A04F}.Debug|Any CPU.Build.0 = Debug|Any CPU
		{77AB1767-EF41-480C-B315-C9B4D577A04F}.Release|Any CPU.ActiveCfg = Release|Any CPU
		{77AB1767-EF41-480C-B315-C9B4D577A04F}.Release|Any CPU.Build.0 = Release|Any CPU
	EndGlobalSection
	GlobalSection(SolutionProperties) = preSolution
		HideSolutionNode = FALSE
	EndGlobalSection
	GlobalSection(ExtensibilityGlobals) = postSolution
		SolutionGuid = {45648214-AEC3-4F3A-8191-1EEC26C99F8C}
	EndGlobalSection
EndGlobal
